github.com/linxGnu/gumble v1.0.0 h1:OAJud8Hy4rmV9I5p/KTRiVpwwklMTd9Ankza3Mz7a4M=
github.com/linxGnu/gumble v1.0.0/go.mod h1:iyhNJpBHvJ0q2Hr41iiZRJyj6LLF47i2a9C9zLiucVY=
github.com/scryner/lfreequeue v0.0.0-20121212074822-473f33702129/go.mod h1:0OrdloYlIayHGsgKYlwEnmdrPWmuYtbdS6Dm71PprFM=
github.com/valyala/fastrand v1.0.0/go.mod h1:HWqCzkrkg6QXT8V2EXWvXCoow7vLwOFN002oeRzjapQ=
